// !$*UTF8*$!
{
	archiveVersion = 1;
	classes = {
	};
	objectVersion = 46;
	objects = {

/* Begin PBXBuildFile section */
		983ED3A018DF68800093BC11 /* Foundation.framework in Frameworks */ = {isa = PBXBuildFile; fileRef = 983ED39F18DF68800093BC11 /* Foundation.framework */; };
		983ED3A218DF68800093BC11 /* CoreGraphics.framework in Frameworks */ = {isa = PBXBuildFile; fileRef = 983ED3A118DF68800093BC11 /* CoreGraphics.framework */; };
		983ED3A418DF68800093BC11 /* UIKit.framework in Frameworks */ = {isa = PBXBuildFile; fileRef = 983ED3A318DF68800093BC11 /* UIKit.framework */; };
		983ED3AA18DF68800093BC11 /* InfoPlist.strings in Resources */ = {isa = PBXBuildFile; fileRef = 983ED3A818DF68800093BC11 /* InfoPlist.strings */; };
		983ED3AC18DF68800093BC11 /* main.m in Sources */ = {isa = PBXBuildFile; fileRef = 983ED3AB18DF68800093BC11 /* main.m */; };
		983ED3B018DF68800093BC11 /* AppDelegate.m in Sources */ = {isa = PBXBuildFile; fileRef = 983ED3AF18DF68800093BC11 /* AppDelegate.m */; };
		983ED3B318DF68800093BC11 /* Main.storyboard in Resources */ = {isa = PBXBuildFile; fileRef = 983ED3B118DF68800093BC11 /* Main.storyboard */; };
		983ED3B618DF68800093BC11 /* ViewController.m in Sources */ = {isa = PBXBuildFile; fileRef = 983ED3B518DF68800093BC11 /* ViewController.m */; };
		983ED3B818DF68800093BC11 /* Images.xcassets in Resources */ = {isa = PBXBuildFile; fileRef = 983ED3B718DF68800093BC11 /* Images.xcassets */; };
		983ED3BF18DF68800093BC11 /* XCTest.framework in Frameworks */ = {isa = PBXBuildFile; fileRef = 983ED3BE18DF68800093BC11 /* XCTest.framework */; };
		983ED3C018DF68800093BC11 /* Foundation.framework in Frameworks */ = {isa = PBXBuildFile; fileRef = 983ED39F18DF68800093BC11 /* Foundation.framework */; };
		983ED3C118DF68800093BC11 /* UIKit.framework in Frameworks */ = {isa = PBXBuildFile; fileRef = 983ED3A318DF68800093BC11 /* UIKit.framework */; };
		983ED3C918DF68800093BC11 /* InfoPlist.strings in Resources */ = {isa = PBXBuildFile; fileRef = 983ED3C718DF68800093BC11 /* InfoPlist.strings */; };
		983ED3CB18DF68800093BC11 /* funnyHomeTests.m in Sources */ = {isa = PBXBuildFile; fileRef = 983ED3CA18DF68800093BC11 /* funnyHomeTests.m */; };
/* End PBXBuildFile section */

/* Begin PBXContainerItemProxy section */
		983ED3C218DF68800093BC11 /* PBXContainerItemProxy */ = {
			isa = PBXContainerItemProxy;
			containerPortal = 983ED39418DF68800093BC11 /* Project object */;
			proxyType = 1;
			remoteGlobalIDString = 983ED39B18DF68800093BC11;
			remoteInfo = funnyHome;
		};
/* End PBXContainerItemProxy section */

/* Begin PBXFileReference section */
		983ED39C18DF68800093BC11 /* funnyHome.app */ = {isa = PBXFileReference; explicitFileType = wrapper.application; includeInIndex = 0; path = funnyHome.app; sourceTree = BUILT_PRODUCTS_DIR; };
		983ED39F18DF68800093BC11 /* Foundation.framework */ = {isa = PBXFileReference; lastKnownFileType = wrapper.framework; name = Foundation.framework; path = System/Library/Frameworks/Foundation.framework; sourceTree = SDKROOT; };
		983ED3A118DF68800093BC11 /* CoreGraphics.framework */ = {isa = PBXFileReference; lastKnownFileType = wrapper.framework; name = CoreGraphics.framework; path = System/Library/Frameworks/CoreGraphics.framework; sourceTree = SDKROOT; };
		983ED3A318DF68800093BC11 /* UIKit.framework */ = {isa = PBXFileReference; lastKnownFileType = wrapper.framework; name = UIKit.framework; path = System/Library/Frameworks/UIKit.framework; sourceTree = SDKROOT; };
		983ED3A718DF68800093BC11 /* funnyHome-Info.plist */ = {isa = PBXFileReference; lastKnownFileType = text.plist.xml; path = "funnyHome-Info.plist"; sourceTree = "<group>"; };
		983ED3A918DF68800093BC11 /* en */ = {isa = PBXFileReference; lastKnownFileType = text.plist.strings; name = en; path = en.lproj/InfoPlist.strings; sourceTree = "<group>"; };
		983ED3AB18DF68800093BC11 /* main.m */ = {isa = PBXFileReference; lastKnownFileType = sourcecode.c.objc; path = main.m; sourceTree = "<group>"; };
		983ED3AD18DF68800093BC11 /* funnyHome-Prefix.pch */ = {isa = PBXFileReference; lastKnownFileType = sourcecode.c.h; path = "funnyHome-Prefix.pch"; sourceTree = "<group>"; };
		983ED3AE18DF68800093BC11 /* AppDelegate.h */ = {isa = PBXFileReference; lastKnownFileType = sourcecode.c.h; path = AppDelegate.h; sourceTree = "<group>"; };
		983ED3AF18DF68800093BC11 /* AppDelegate.m */ = {isa = PBXFileReference; lastKnownFileType = sourcecode.c.objc; path = AppDelegate.m; sourceTree = "<group>"; };
		983ED3B218DF68800093BC11 /* Base */ = {isa = PBXFileReference; lastKnownFileType = file.storyboard; name = Base; path = Base.lproj/Main.storyboard; sourceTree = "<group>"; };
		983ED3B418DF68800093BC11 /* ViewController.h */ = {isa = PBXFileReference; lastKnownFileType = sourcecode.c.h; path = ViewController.h; sourceTree = "<group>"; };
		983ED3B518DF68800093BC11 /* ViewController.m */ = {isa = PBXFileReference; lastKnownFileType = sourcecode.c.objc; path = ViewController.m; sourceTree = "<group>"; };
		983ED3B718DF68800093BC11 /* Images.xcassets */ = {isa = PBXFileReference; lastKnownFileType = folder.assetcatalog; path = Images.xcassets; sourceTree = "<group>"; };
		983ED3BD18DF68800093BC11 /* funnyHomeTests.xctest */ = {isa = PBXFileReference; explicitFileType = wrapper.cfbundle; includeInIndex = 0; path = funnyHomeTests.xctest; sourceTree = BUILT_PRODUCTS_DIR; };
		983ED3BE18DF68800093BC11 /* XCTest.framework */ = {isa = PBXFileReference; lastKnownFileType = wrapper.framework; name = XCTest.framework; path = Library/Frameworks/XCTest.framework; sourceTree = DEVELOPER_DIR; };
		983ED3C618DF68800093BC11 /* funnyHomeTests-Info.plist */ = {isa = PBXFileReference; lastKnownFileType = text.plist.xml; path = "funnyHomeTests-Info.plist"; sourceTree = "<group>"; };
		983ED3C818DF68800093BC11 /* en */ = {isa = PBXFileReference; lastKnownFileType = text.plist.strings; name = en; path = en.lproj/InfoPlist.strings; sourceTree = "<group>"; };
		983ED3CA18DF68800093BC11 /* funnyHomeTests.m */ = {isa = PBXFileReference; lastKnownFileType = sourcecode.c.objc; path = funnyHomeTests.m; sourceTree = "<group>"; };
/* End PBXFileReference section */

/* Begin PBXFrameworksBuildPhase section */
		983ED39918DF68800093BC11 /* Frameworks */ = {
			isa = PBXFrameworksBuildPhase;
			buildActionMask = 2147483647;
			files = (
				983ED3A218DF68800093BC11 /* CoreGraphics.framework in Frameworks */,
				983ED3A418DF68800093BC11 /* UIKit.framework in Frameworks */,
				983ED3A018DF68800093BC11 /* Foundation.framework in Frameworks */,
			);
			runOnlyForDeploymentPostprocessing = 0;
		};
		983ED3BA18DF68800093BC11 /* Frameworks */ = {
			isa = PBXFrameworksBuildPhase;
			buildActionMask = 2147483647;
			files = (
				983ED3BF18DF68800093BC11 /* XCTest.framework in Frameworks */,
				983ED3C118DF68800093BC11 /* UIKit.framework in Frameworks */,
				983ED3C018DF68800093BC11 /* Foundation.framework in Frameworks */,
			);
			runOnlyForDeploymentPostprocessing = 0;
		};
/* End PBXFrameworksBuildPhase section */

/* Begin PBXGroup section */
		983ED39318DF68800093BC11 = {
			isa = PBXGroup;
			children = (
				983ED3A518DF68800093BC11 /* funnyHome */,
				983ED3C418DF68800093BC11 /* funnyHomeTests */,
				983ED39E18DF68800093BC11 /* Frameworks */,
				983ED39D18DF68800093BC11 /* Products */,
			);
			sourceTree = "<group>";
		};
		983ED39D18DF68800093BC11 /* Products */ = {
			isa = PBXGroup;
			children = (
				983ED39C18DF68800093BC11 /* funnyHome.app */,
				983ED3BD18DF68800093BC11 /* funnyHomeTests.xctest */,
			);
			name = Products;
			sourceTree = "<group>";
		};
		983ED39E18DF68800093BC11 /* Frameworks */ = {
			isa = PBXGroup;
			children = (
				983ED39F18DF68800093BC11 /* Foundation.framework */,
				983ED3A118DF68800093BC11 /* CoreGraphics.framework */,
				983ED3A318DF68800093BC11 /* UIKit.framework */,
				983ED3BE18DF68800093BC11 /* XCTest.framework */,
			);
			name = Frameworks;
			sourceTree = "<group>";
		};
		983ED3A518DF68800093BC11 /* funnyHome */ = {
			isa = PBXGroup;
			children = (
				983ED3AE18DF68800093BC11 /* AppDelegate.h */,
				983ED3AF18DF68800093BC11 /* AppDelegate.m */,
				983ED3B118DF68800093BC11 /* Main.storyboard */,
				983ED3B418DF68800093BC11 /* ViewController.h */,
				983ED3B518DF68800093BC11 /* ViewController.m */,
				983ED3B718DF68800093BC11 /* Images.xcassets */,
				983ED3A618DF68800093BC11 /* Supporting Files */,
			);
			path = funnyHome;
			sourceTree = "<group>";
		};
		983ED3A618DF68800093BC11 /* Supporting Files */ = {
			isa = PBXGroup;
			children = (
				983ED3A718DF68800093BC11 /* funnyHome-Info.plist */,
				983ED3A818DF68800093BC11 /* InfoPlist.strings */,
				983ED3AB18DF68800093BC11 /* main.m */,
				983ED3AD18DF68800093BC11 /* funnyHome-Prefix.pch */,
			);
			name = "Supporting Files";
			sourceTree = "<group>";
		};
		983ED3C418DF68800093BC11 /* funnyHomeTests */ = {
			isa = PBXGroup;
			children = (
				983ED3CA18DF68800093BC11 /* funnyHomeTests.m */,
				983ED3C518DF68800093BC11 /* Supporting Files */,
			);
			path = funnyHomeTests;
			sourceTree = "<group>";
		};
		983ED3C518DF68800093BC11 /* Supporting Files */ = {
			isa = PBXGroup;
			children = (
				983ED3C618DF68800093BC11 /* funnyHomeTests-Info.plist */,
				983ED3C718DF68800093BC11 /* InfoPlist.strings */,
			);
			name = "Supporting Files";
			sourceTree = "<group>";
		};
/* End PBXGroup section */

/* Begin PBXNativeTarget section */
		983ED39B18DF68800093BC11 /* funnyHome */ = {
			isa = PBXNativeTarget;
			buildConfigurationList = 983ED3CE18DF68800093BC11 /* Build configuration list for PBXNativeTarget "funnyHome" */;
			buildPhases = (
				983ED39818DF68800093BC11 /* Sources */,
				983ED39918DF68800093BC11 /* Frameworks */,
				983ED39A18DF68800093BC11 /* Resources */,
			);
			buildRules = (
			);
			dependencies = (
			);
			name = funnyHome;
			productName = funnyHome;
			productReference = 983ED39C18DF68800093BC11 /* funnyHome.app */;
			productType = "com.apple.product-type.application";
		};
		983ED3BC18DF68800093BC11 /* funnyHomeTests */ = {
			isa = PBXNativeTarget;
			buildConfigurationList = 983ED3D118DF68800093BC11 /* Build configuration list for PBXNativeTarget "funnyHomeTests" */;
			buildPhases = (
				983ED3B918DF68800093BC11 /* Sources */,
				983ED3BA18DF68800093BC11 /* Frameworks */,
				983ED3BB18DF68800093BC11 /* Resources */,
			);
			buildRules = (
			);
			dependencies = (
				983ED3C318DF68800093BC11 /* PBXTargetDependency */,
			);
			name = funnyHomeTests;
			productName = funnyHomeTests;
			productReference = 983ED3BD18DF68800093BC11 /* funnyHomeTests.xctest */;
			productType = "com.apple.product-type.bundle.unit-test";
		};
/* End PBXNativeTarget section */

/* Begin PBXProject section */
		983ED39418DF68800093BC11 /* Project object */ = {
			isa = PBXProject;
			attributes = {
				LastUpgradeCheck = 0510;
				ORGANIZATIONNAME = "Yuki Futagami";
				TargetAttributes = {
					983ED3BC18DF68800093BC11 = {
						TestTargetID = 983ED39B18DF68800093BC11;
					};
				};
			};
			buildConfigurationList = 983ED39718DF68800093BC11 /* Build configuration list for PBXProject "funnyHome" */;
			compatibilityVersion = "Xcode 3.2";
			developmentRegion = English;
			hasScannedForEncodings = 0;
			knownRegions = (
				en,
				Base,
			);
			mainGroup = 983ED39318DF68800093BC11;
			productRefGroup = 983ED39D18DF68800093BC11 /* Products */;
			projectDirPath = "";
			projectRoot = "";
			targets = (
				983ED39B18DF68800093BC11 /* funnyHome */,
				983ED3BC18DF68800093BC11 /* funnyHomeTests */,
			);
		};
/* End PBXProject section */

/* Begin PBXResourcesBuildPhase section */
		983ED39A18DF68800093BC11 /* Resources */ = {
			isa = PBXResourcesBuildPhase;
			buildActionMask = 2147483647;
			files = (
				983ED3B818DF68800093BC11 /* Images.xcassets in Resources */,
				983ED3AA18DF68800093BC11 /* InfoPlist.strings in Resources */,
				983ED3B318DF68800093BC11 /* Main.storyboard in Resources */,
			);
			runOnlyForDeploymentPostprocessing = 0;
		};
		983ED3BB18DF68800093BC11 /* Resources */ = {
			isa = PBXResourcesBuildPhase;
			buildActionMask = 2147483647;
			files = (
				983ED3C918DF68800093BC11 /* InfoPlist.strings in Resources */,
			);
			runOnlyForDeploymentPostprocessing = 0;
		};
/* End PBXResourcesBuildPhase section */

/* Begin PBXSourcesBuildPhase section */
		983ED39818DF68800093BC11 /* Sources */ = {
			isa = PBXSourcesBuildPhase;
			buildActionMask = 2147483647;
			files = (
				983ED3B618DF68800093BC11 /* ViewController.m in Sources */,
				983ED3B018DF68800093BC11 /* AppDelegate.m in Sources */,
				983ED3AC18DF68800093BC11 /* main.m in Sources */,
			);
			runOnlyForDeploymentPostprocessing = 0;
		};
		983ED3B918DF68800093BC11 /* Sources */ = {
			isa = PBXSourcesBuildPhase;
			buildActionMask = 2147483647;
			files = (
				983ED3CB18DF68800093BC11 /* funnyHomeTests.m in Sources */,
			);
			runOnlyForDeploymentPostprocessing = 0;
		};
/* End PBXSourcesBuildPhase section */

/* Begin PBXTargetDependency section */
		983ED3C318DF68800093BC11 /* PBXTargetDependency */ = {
			isa = PBXTargetDependency;
			target = 983ED39B18DF68800093BC11 /* funnyHome */;
			targetProxy = 983ED3C218DF68800093BC11 /* PBXContainerItemProxy */;
		};
/* End PBXTargetDependency section */

/* Begin PBXVariantGroup section */
		983ED3A818DF68800093BC11 /* InfoPlist.strings */ = {
			isa = PBXVariantGroup;
			children = (
				983ED3A918DF68800093BC11 /* en */,
			);
			name = InfoPlist.strings;
			sourceTree = "<group>";
		};
		983ED3B118DF68800093BC11 /* Main.storyboard */ = {
			isa = PBXVariantGroup;
			children = (
				983ED3B218DF68800093BC11 /* Base */,
			);
			name = Main.storyboard;
			sourceTree = "<group>";
		};
		983ED3C718DF68800093BC11 /* InfoPlist.strings */ = {
			isa = PBXVariantGroup;
			children = (
				983ED3C818DF68800093BC11 /* en */,
			);
			name = InfoPlist.strings;
			sourceTree = "<group>";
		};
/* End PBXVariantGroup section */

/* Begin XCBuildConfiguration section */
		983ED3CC18DF68800093BC11 /* Debug */ = {
			isa = XCBuildConfiguration;
			buildSettings = {
				ALWAYS_SEARCH_USER_PATHS = NO;
				CLANG_CXX_LANGUAGE_STANDARD = "gnu++0x";
				CLANG_CXX_LIBRARY = "libc++";
				CLANG_ENABLE_MODULES = YES;
				CLANG_ENABLE_OBJC_ARC = YES;
				CLANG_WARN_BOOL_CONVERSION = YES;
				CLANG_WARN_CONSTANT_CONVERSION = YES;
				CLANG_WARN_DIRECT_OBJC_ISA_USAGE = YES_ERROR;
				CLANG_WARN_EMPTY_BODY = YES;
				CLANG_WARN_ENUM_CONVERSION = YES;
				CLANG_WARN_INT_CONVERSION = YES;
				CLANG_WARN_OBJC_ROOT_CLASS = YES_ERROR;
				CLANG_WARN__DUPLICATE_METHOD_MATCH = YES;
				"CODE_SIGN_IDENTITY[sdk=iphoneos*]" = "iPhone Developer";
				COPY_PHASE_STRIP = NO;
				GCC_C_LANGUAGE_STANDARD = gnu99;
				GCC_DYNAMIC_NO_PIC = NO;
				GCC_OPTIMIZATION_LEVEL = 0;
				GCC_PREPROCESSOR_DEFINITIONS = (
					"DEBUG=1",
					"$(inherited)",
				);
				GCC_SYMBOLS_PRIVATE_EXTERN = NO;
				GCC_WARN_64_TO_32_BIT_CONVERSION = YES;
				GCC_WARN_ABOUT_RETURN_TYPE = YES_ERROR;
				GCC_WARN_UNDECLARED_SELECTOR = YES;
				GCC_WARN_UNINITIALIZED_AUTOS = YES_AGGRESSIVE;
				GCC_WARN_UNUSED_FUNCTION = YES;
				GCC_WARN_UNUSED_VARIABLE = YES;
				IPHONEOS_DEPLOYMENT_TARGET = 7.1;
				ONLY_ACTIVE_ARCH = YES;
				SDKROOT = iphoneos;
			};
			name = Debug;
		};
		983ED3CD18DF68800093BC11 /* Release */ = {
			isa = XCBuildConfiguration;
			buildSettings = {
				ALWAYS_SEARCH_USER_PATHS = NO;
				CLANG_CXX_LANGUAGE_STANDARD = "gnu++0x";
				CLANG_CXX_LIBRARY = "libc++";
				CLANG_ENABLE_MODULES = YES;
				CLANG_ENABLE_OBJC_ARC = YES;
				CLANG_WARN_BOOL_CONVERSION = YES;
				CLANG_WARN_CONSTANT_CONVERSION = YES;
				CLANG_WARN_DIRECT_OBJC_ISA_USAGE = YES_ERROR;
				CLANG_WARN_EMPTY_BODY = YES;
				CLANG_WARN_ENUM_CONVERSION = YES;
				CLANG_WARN_INT_CONVERSION = YES;
				CLANG_WARN_OBJC_ROOT_CLASS = YES_ERROR;
				CLANG_WARN__DUPLICATE_METHOD_MATCH = YES;
				"CODE_SIGN_IDENTITY[sdk=iphoneos*]" = "iPhone Developer";
				COPY_PHASE_STRIP = YES;
				ENABLE_NS_ASSERTIONS = NO;
				GCC_C_LANGUAGE_STANDARD = gnu99;
				GCC_WARN_64_TO_32_BIT_CONVERSION = YES;
				GCC_WARN_ABOUT_RETURN_TYPE = YES_ERROR;
				GCC_WARN_UNDECLARED_SELECTOR = YES;
				GCC_WARN_UNINITIALIZED_AUTOS = YES_AGGRESSIVE;
				GCC_WARN_UNUSED_FUNCTION = YES;
				GCC_WARN_UNUSED_VARIABLE = YES;
				IPHONEOS_DEPLOYMENT_TARGET = 7.1;
				SDKROOT = iphoneos;
				VALIDATE_PRODUCT = YES;
			};
			name = Release;
		};
		983ED3CF18DF68800093BC11 /* Debug */ = {
			isa = XCBuildConfiguration;
			buildSettings = {
				ASSETCATALOG_COMPILER_APPICON_NAME = AppIcon;
				ASSETCATALOG_COMPILER_LAUNCHIMAGE_NAME = LaunchImage;
				GCC_PRECOMPILE_PREFIX_HEADER = YES;
				GCC_PREFIX_HEADER = "funnyHome/funnyHome-Prefix.pch";
				INFOPLIST_FILE = "funnyHome/funnyHome-Info.plist";
				PRODUCT_NAME = "$(TARGET_NAME)";
				WRAPPER_EXTENSION = app;
			};
			name = Debug;
		};
		983ED3D018DF68800093BC11 /* Release */ = {
			isa = XCBuildConfiguration;
			buildSettings = {
				ASSETCATALOG_COMPILER_APPICON_NAME = AppIcon;
				ASSETCATALOG_COMPILER_LAUNCHIMAGE_NAME = LaunchImage;
				GCC_PRECOMPILE_PREFIX_HEADER = YES;
				GCC_PREFIX_HEADER = "funnyHome/funnyHome-Prefix.pch";
				INFOPLIST_FILE = "funnyHome/funnyHome-Info.plist";
				PRODUCT_NAME = "$(TARGET_NAME)";
				WRAPPER_EXTENSION = app;
			};
			name = Release;
		};
		983ED3D218DF68800093BC11 /* Debug */ = {
			isa = XCBuildConfiguration;
			buildSettings = {
				BUNDLE_LOADER = "$(BUILT_PRODUCTS_DIR)/funnyHome.app/funnyHome";
				FRAMEWORK_SEARCH_PATHS = (
					"$(SDKROOT)/Developer/Library/Frameworks",
					"$(inherited)",
					"$(DEVELOPER_FRAMEWORKS_DIR)",
				);
				GCC_PRECOMPILE_PREFIX_HEADER = YES;
				GCC_PREFIX_HEADER = "funnyHome/funnyHome-Prefix.pch";
				GCC_PREPROCESSOR_DEFINITIONS = (
					"DEBUG=1",
					"$(inherited)",
				);
				INFOPLIST_FILE = "funnyHomeTests/funnyHomeTests-Info.plist";
				PRODUCT_NAME = "$(TARGET_NAME)";
				TEST_HOST = "$(BUNDLE_LOADER)";
				WRAPPER_EXTENSION = xctest;
			};
			name = Debug;
		};
		983ED3D318DF68800093BC11 /* Release */ = {
			isa = XCBuildConfiguration;
			buildSettings = {
				BUNDLE_LOADER = "$(BUILT_PRODUCTS_DIR)/funnyHome.app/funnyHome";
				FRAMEWORK_SEARCH_PATHS = (
					"$(SDKROOT)/Developer/Library/Frameworks",
					"$(inherited)",
					"$(DEVELOPER_FRAMEWORKS_DIR)",
				);
				GCC_PRECOMPILE_PREFIX_HEADER = YES;
				GCC_PREFIX_HEADER = "funnyHome/funnyHome-Prefix.pch";
				INFOPLIST_FILE = "funnyHomeTests/funnyHomeTests-Info.plist";
				PRODUCT_NAME = "$(TARGET_NAME)";
				TEST_HOST = "$(BUNDLE_LOADER)";
				WRAPPER_EXTENSION = xctest;
			};
			name = Release;
		};
/* End XCBuildConfiguration section */

/* Begin XCConfigurationList section */
		983ED39718DF68800093BC11 /* Build configuration list for PBXProject "funnyHome" */ = {
			isa = XCConfigurationList;
			buildConfigurations = (
				983ED3CC18DF68800093BC11 /* Debug */,
				983ED3CD18DF68800093BC11 /* Release */,
			);
			defaultConfigurationIsVisible = 0;
			defaultConfigurationName = Release;
		};
		983ED3CE18DF68800093BC11 /* Build configuration list for PBXNativeTarget "funnyHome" */ = {
			isa = XCConfigurationList;
			buildConfigurations = (
				983ED3CF18DF68800093BC11 /* Debug */,
				983ED3D018DF68800093BC11 /* Release */,
			);
			defaultConfigurationIsVisible = 0;
		};
		983ED3D118DF68800093BC11 /* Build configuration list for PBXNativeTarget "funnyHomeTests" */ = {
			isa = XCConfigurationList;
			buildConfigurations = (
				983ED3D218DF68800093BC11 /* Debug */,
				983ED3D318DF68800093BC11 /* Release */,
			);
			defaultConfigurationIsVisible = 0;
		};
/* End XCConfigurationList section */
	};
	rootObject = 983ED39418DF68800093BC11 /* Project object */;
}
